
Microsoft Visual Studio Solution File, Format Version 12.00
# Visual Studio Version 17
VisualStudioVersion = 17.2.32602.215
MinimumVisualStudioVersion = 10.0.40219.1
Project("{9A19103F-16F7-4668-BE54-9A1E7A4F7556}") = "LoadBalancer.IdenityServer", "LoadBalancer.IdenityServer\LoadBalancer.IdenityServer.csproj", "{F42B9220-ADFB-4BE1-AF31-055189545E84}"
EndProject
Project("{9A19103F-16F7-4668-BE54-9A1E7A4F7556}") = "LoadBalancer.WebApi", "LoadBalancer.WebApi\LoadBalancer.WebApi.csproj", "{6D93D1F6-D95C-4FB5-9544-A9DC2C43183E}"
EndProject
Project("{E53339B2-1760-4266-BCC7-CA923CBCF16C}") = "docker-compose", "docker-compose.dcproj", "{BED974D2-9992-43CA-969A-91B12EEFF4C2}"
EndProject
Global
	GlobalSection(SolutionConfigurationPlatforms) = preSolution
		Debug|Any CPU = Debug|Any CPU
		Release|Any CPU = Release|Any CPU
	EndGlobalSection
	GlobalSection(ProjectConfigurationPlatforms) = postSolution
		{F42B9220-ADFB-4BE1-AF31-055189545E84}.Debug|Any CPU.ActiveCfg = Debug|Any CPU
		{F42B9220-ADFB-4BE1-AF31-055189545E84}.Debug|Any CPU.Build.0 = Debug|Any CPU
		{F42B9220-ADFB-4BE1-AF31-055189545E84}.Release|Any CPU.ActiveCfg = Release|Any CPU
		{F42B9220-ADFB-4BE1-AF31-055189545E84}.Release|Any CPU.Build.0 = Release|Any CPU
		{6D93D1F6-D95C-4FB5-9544-A9DC2C43183E}.Debug|Any CPU.ActiveCfg = Debug|Any CPU
		{6D93D1F6-D95C-4FB5-9544-A9DC2C43183E}.Debug|Any CPU.Build.0 = Debug|Any CPU
		{6D93D1F6-D95C-4FB5-9544-A9DC2C43183E}.Release|Any CPU.ActiveCfg = Release|Any CPU
		{6D93D1F6-D95C-4FB5-9544-A9DC2C43183E}.Release|Any CPU.Build.0 = Release|Any CPU
		{BED974D2-9992-43CA-969A-91B12EEFF4C2}.Debug|Any CPU.ActiveCfg = Debug|Any CPU
		{BED974D2-9992-43CA-969A-91B12EEFF4C2}.Debug|Any CPU.Build.0 = Debug|Any CPU
		{BED974D2-9992-43CA-969A-91B12EEFF4C2}.Release|Any CPU.ActiveCfg = Release|Any CPU
		{BED974D2-9992-43CA-969A-91B12EEFF4C2}.Release|Any CPU.Build.0 = Release|Any CPU
	EndGlobalSection
	GlobalSection(SolutionProperties) = preSolution
		HideSolutionNode = FALSE
	EndGlobalSection
	GlobalSection(ExtensibilityGlobals) = postSolution
		SolutionGuid = {F1CDE1E7-8E52-4294-BDAB-3EE422647BEB}
	EndGlobalSection
EndGlobal
